
Microsoft Visual Studio Solution File, Format Version 12.00
# Visual Studio Version 16
VisualStudioVersion = 16.0.29613.14
MinimumVisualStudioVersion = 10.0.40219.1
Project("{FAE04EC0-301F-11D3-BF4B-00C04F79EFBC}") = "MessageBoxMVVM", "MessageBoxMVVM\MessageBoxMVVM.csproj", "{07C02B10-01C2-4EDD-8810-9D04A487D09B}"
EndProject
Global
	GlobalSection(SolutionConfigurationPlatforms) = preSolution
		Debug|Any CPU = Debug|Any CPU
		Release|Any CPU = Release|Any CPU
	EndGlobalSection
	GlobalSection(ProjectConfigurationPlatforms) = postSolution
		{07C02B10-01C2-4EDD-8810-9D04A487D09B}.Debug|Any CPU.ActiveCfg = Debug|Any CPU
		{07C02B10-01C2-4EDD-8810-9D04A487D09B}.Debug|Any CPU.Build.0 = Debug|Any CPU
		{07C02B10-01C2-4EDD-8810-9D04A487D09B}.Release|Any CPU.ActiveCfg = Release|Any CPU
		{07C02B10-01C2-4EDD-8810-9D04A487D09B}.Release|Any CPU.Build.0 = Release|Any CPU
	EndGlobalSection
	GlobalSection(SolutionProperties) = preSolution
		HideSolutionNode = FALSE
	EndGlobalSection
	GlobalSection(ExtensibilityGlobals) = postSolution
		SolutionGuid = {EDFA630E-A500-4D5D-9E47-1DBFC058DD71}
	EndGlobalSection
EndGlobal
